// !$*UTF8*$!
{
	archiveVersion = 1;
	classes = {
	};
	objectVersion = 60;
	objects = {

/* Begin PBXBuildFile section */
		84433C462C2C038F000FC8A0 /* TrayLauncherApp.swift in Sources */ = {isa = PBXBuildFile; fileRef = 84433C452C2C038F000FC8A0 /* TrayLauncherApp.swift */; };
		84433C482C2C038F000FC8A0 /* ContentView.swift in Sources */ = {isa = PBXBuildFile; fileRef = 84433C472C2C038F000FC8A0 /* ContentView.swift */; };
		84433C4A2C2C0390000FC8A0 /* Assets.xcassets in Resources */ = {isa = PBXBuildFile; fileRef = 84433C492C2C0390000FC8A0 /* Assets.xcassets */; };
		84433C4D2C2C0390000FC8A0 /* Preview Assets.xcassets in Resources */ = {isa = PBXBuildFile; fileRef = 84433C4C2C2C0390000FC8A0 /* Preview Assets.xcassets */; };
		84433C562C2C03ED000FC8A0 /* Tray in Frameworks */ = {isa = PBXBuildFile; productRef = 84433C552C2C03ED000FC8A0 /* Tray */; };
		84433C582C2C0EED000FC8A0 /* AppManager.swift in Sources */ = {isa = PBXBuildFile; fileRef = 84433C572C2C0EED000FC8A0 /* AppManager.swift */; };
		84433C5E2C2C4396000FC8A0 /* ACarousel in Frameworks */ = {isa = PBXBuildFile; productRef = 84433C5D2C2C4396000FC8A0 /* ACarousel */; };
		84433C602C2C4D49000FC8A0 /* Page.swift in Sources */ = {isa = PBXBuildFile; fileRef = 84433C5F2C2C4D49000FC8A0 /* Page.swift */; };
		848F2B1D2C2D937F0007A19D /* UserDefaults.swift in Sources */ = {isa = PBXBuildFile; fileRef = 848F2B1C2C2D937F0007A19D /* UserDefaults.swift */; };
		848F2B1F2C2D9B500007A19D /* SettingsManager.swift in Sources */ = {isa = PBXBuildFile; fileRef = 848F2B1E2C2D9B500007A19D /* SettingsManager.swift */; };
/* End PBXBuildFile section */

/* Begin PBXFileReference section */
		84433C422C2C038F000FC8A0 /* TrayLauncher.app */ = {isa = PBXFileReference; explicitFileType = wrapper.application; includeInIndex = 0; path = TrayLauncher.app; sourceTree = BUILT_PRODUCTS_DIR; };
		84433C452C2C038F000FC8A0 /* TrayLauncherApp.swift */ = {isa = PBXFileReference; lastKnownFileType = sourcecode.swift; path = TrayLauncherApp.swift; sourceTree = "<group>"; };
		84433C472C2C038F000FC8A0 /* ContentView.swift */ = {isa = PBXFileReference; lastKnownFileType = sourcecode.swift; path = ContentView.swift; sourceTree = "<group>"; };
		84433C492C2C0390000FC8A0 /* Assets.xcassets */ = {isa = PBXFileReference; lastKnownFileType = folder.assetcatalog; path = Assets.xcassets; sourceTree = "<group>"; };
		84433C4C2C2C0390000FC8A0 /* Preview Assets.xcassets */ = {isa = PBXFileReference; lastKnownFileType = folder.assetcatalog; path = "Preview Assets.xcassets"; sourceTree = "<group>"; };
		84433C4E2C2C0390000FC8A0 /* TrayLauncher.entitlements */ = {isa = PBXFileReference; lastKnownFileType = text.plist.entitlements; path = TrayLauncher.entitlements; sourceTree = "<group>"; };
		84433C572C2C0EED000FC8A0 /* AppManager.swift */ = {isa = PBXFileReference; lastKnownFileType = sourcecode.swift; path = AppManager.swift; sourceTree = "<group>"; };
		84433C5F2C2C4D49000FC8A0 /* Page.swift */ = {isa = PBXFileReference; lastKnownFileType = sourcecode.swift; path = Page.swift; sourceTree = "<group>"; };
		848F2B1C2C2D937F0007A19D /* UserDefaults.swift */ = {isa = PBXFileReference; lastKnownFileType = sourcecode.swift; path = UserDefaults.swift; sourceTree = "<group>"; };
		848F2B1E2C2D9B500007A19D /* SettingsManager.swift */ = {isa = PBXFileReference; lastKnownFileType = sourcecode.swift; path = SettingsManager.swift; sourceTree = "<group>"; };
/* End PBXFileReference section */

/* Begin PBXFrameworksBuildPhase section */
		84433C3F2C2C038F000FC8A0 /* Frameworks */ = {
			isa = PBXFrameworksBuildPhase;
			buildActionMask = 2147483647;
			files = (
				84433C5E2C2C4396000FC8A0 /* ACarousel in Frameworks */,
				84433C562C2C03ED000FC8A0 /* Tray in Frameworks */,
			);
			runOnlyForDeploymentPostprocessing = 0;
		};
/* End PBXFrameworksBuildPhase section */

/* Begin PBXGroup section */
		84433C392C2C038F000FC8A0 = {
			isa = PBXGroup;
			children = (
				84433C442C2C038F000FC8A0 /* TrayLauncher */,
				84433C432C2C038F000FC8A0 /* Products */,
			);
			sourceTree = "<group>";
		};
		84433C432C2C038F000FC8A0 /* Products */ = {
			isa = PBXGroup;
			children = (
				84433C422C2C038F000FC8A0 /* TrayLauncher.app */,
			);
			name = Products;
			sourceTree = "<group>";
		};
		84433C442C2C038F000FC8A0 /* TrayLauncher */ = {
			isa = PBXGroup;
			children = (
				84433C452C2C038F000FC8A0 /* TrayLauncherApp.swift */,
				84433C472C2C038F000FC8A0 /* ContentView.swift */,
				84433C572C2C0EED000FC8A0 /* AppManager.swift */,
				84433C5F2C2C4D49000FC8A0 /* Page.swift */,
				848F2B1C2C2D937F0007A19D /* UserDefaults.swift */,
				84433C492C2C0390000FC8A0 /* Assets.xcassets */,
				84433C4E2C2C0390000FC8A0 /* TrayLauncher.entitlements */,
				84433C4B2C2C0390000FC8A0 /* Preview Content */,
				848F2B1E2C2D9B500007A19D /* SettingsManager.swift */,
			);
			path = TrayLauncher;
			sourceTree = "<group>";
		};
		84433C4B2C2C0390000FC8A0 /* Preview Content */ = {
			isa = PBXGroup;
			children = (
				84433C4C2C2C0390000FC8A0 /* Preview Assets.xcassets */,
			);
			path = "Preview Content";
			sourceTree = "<group>";
		};
/* End PBXGroup section */

/* Begin PBXNativeTarget section */
		84433C412C2C038F000FC8A0 /* TrayLauncher */ = {
			isa = PBXNativeTarget;
			buildConfigurationList = 84433C512C2C0390000FC8A0 /* Build configuration list for PBXNativeTarget "TrayLauncher" */;
			buildPhases = (
				84433C3E2C2C038F000FC8A0 /* Sources */,
				84433C3F2C2C038F000FC8A0 /* Frameworks */,
				84433C402C2C038F000FC8A0 /* Resources */,
			);
			buildRules = (
			);
			dependencies = (
			);
			name = TrayLauncher;
			packageProductDependencies = (
				84433C552C2C03ED000FC8A0 /* Tray */,
				84433C5D2C2C4396000FC8A0 /* ACarousel */,
			);
			productName = TrayLauncher;
			productReference = 84433C422C2C038F000FC8A0 /* TrayLauncher.app */;
			productType = "com.apple.product-type.application";
		};
/* End PBXNativeTarget section */

/* Begin PBXProject section */
		84433C3A2C2C038F000FC8A0 /* Project object */ = {
			isa = PBXProject;
			attributes = {
				BuildIndependentTargetsInParallel = 1;
				LastSwiftUpdateCheck = 1540;
				LastUpgradeCheck = 1540;
				TargetAttributes = {
					84433C412C2C038F000FC8A0 = {
						CreatedOnToolsVersion = 15.4;
					};
				};
			};
			buildConfigurationList = 84433C3D2C2C038F000FC8A0 /* Build configuration list for PBXProject "TrayLauncher" */;
			compatibilityVersion = "Xcode 14.0";
			developmentRegion = en;
			hasScannedForEncodings = 0;
			knownRegions = (
				en,
				Base,
			);
			mainGroup = 84433C392C2C038F000FC8A0;
			packageReferences = (
				84433C542C2C03ED000FC8A0 /* XCLocalSwiftPackageReference "../../Github/Tray" */,
				84433C5C2C2C4396000FC8A0 /* XCRemoteSwiftPackageReference "ACarousel" */,
			);
			productRefGroup = 84433C432C2C038F000FC8A0 /* Products */;
			projectDirPath = "";
			projectRoot = "";
			targets = (
				84433C412C2C038F000FC8A0 /* TrayLauncher */,
			);
		};
/* End PBXProject section */

/* Begin PBXResourcesBuildPhase section */
		84433C402C2C038F000FC8A0 /* Resources */ = {
			isa = PBXResourcesBuildPhase;
			buildActionMask = 2147483647;
			files = (
				84433C4D2C2C0390000FC8A0 /* Preview Assets.xcassets in Resources */,
				84433C4A2C2C0390000FC8A0 /* Assets.xcassets in Resources */,
			);
			runOnlyForDeploymentPostprocessing = 0;
		};
/* End PBXResourcesBuildPhase section */

/* Begin PBXSourcesBuildPhase section */
		84433C3E2C2C038F000FC8A0 /* Sources */ = {
			isa = PBXSourcesBuildPhase;
			buildActionMask = 2147483647;
			files = (
				84433C582C2C0EED000FC8A0 /* AppManager.swift in Sources */,
				848F2B1D2C2D937F0007A19D /* UserDefaults.swift in Sources */,
				848F2B1F2C2D9B500007A19D /* SettingsManager.swift in Sources */,
				84433C482C2C038F000FC8A0 /* ContentView.swift in Sources */,
				84433C602C2C4D49000FC8A0 /* Page.swift in Sources */,
				84433C462C2C038F000FC8A0 /* TrayLauncherApp.swift in Sources */,
			);
			runOnlyForDeploymentPostprocessing = 0;
		};
/* End PBXSourcesBuildPhase section */

/* Begin XCBuildConfiguration section */
		84433C4F2C2C0390000FC8A0 /* Debug */ = {
			isa = XCBuildConfiguration;
			buildSettings = {
				ALWAYS_SEARCH_USER_PATHS = NO;
				ASSETCATALOG_COMPILER_GENERATE_SWIFT_ASSET_SYMBOL_EXTENSIONS = YES;
				CLANG_ANALYZER_NONNULL = YES;
				CLANG_ANALYZER_NUMBER_OBJECT_CONVERSION = YES_AGGRESSIVE;
				CLANG_CXX_LANGUAGE_STANDARD = "gnu++20";
				CLANG_ENABLE_MODULES = YES;
				CLANG_ENABLE_OBJC_ARC = YES;
				CLANG_ENABLE_OBJC_WEAK = YES;
				CLANG_WARN_BLOCK_CAPTURE_AUTORELEASING = YES;
				CLANG_WARN_BOOL_CONVERSION = YES;
				CLANG_WARN_COMMA = YES;
				CLANG_WARN_CONSTANT_CONVERSION = YES;
				CLANG_WARN_DEPRECATED_OBJC_IMPLEMENTATIONS = YES;
				CLANG_WARN_DIRECT_OBJC_ISA_USAGE = YES_ERROR;
				CLANG_WARN_DOCUMENTATION_COMMENTS = YES;
				CLANG_WARN_EMPTY_BODY = YES;
				CLANG_WARN_ENUM_CONVERSION = YES;
				CLANG_WARN_INFINITE_RECURSION = YES;
				CLANG_WARN_INT_CONVERSION = YES;
				CLANG_WARN_NON_LITERAL_NULL_CONVERSION = YES;
				CLANG_WARN_OBJC_IMPLICIT_RETAIN_SELF = YES;
				CLANG_WARN_OBJC_LITERAL_CONVERSION = YES;
				CLANG_WARN_OBJC_ROOT_CLASS = YES_ERROR;
				CLANG_WARN_QUOTED_INCLUDE_IN_FRAMEWORK_HEADER = YES;
				CLANG_WARN_RANGE_LOOP_ANALYSIS = YES;
				CLANG_WARN_STRICT_PROTOTYPES = YES;
				CLANG_WARN_SUSPICIOUS_MOVE = YES;
				CLANG_WARN_UNGUARDED_AVAILABILITY = YES_AGGRESSIVE;
				CLANG_WARN_UNREACHABLE_CODE = YES;
				CLANG_WARN__DUPLICATE_METHOD_MATCH = YES;
				COPY_PHASE_STRIP = NO;
				DEBUG_INFORMATION_FORMAT = dwarf;
				ENABLE_STRICT_OBJC_MSGSEND = YES;
				ENABLE_TESTABILITY = YES;
				ENABLE_USER_SCRIPT_SANDBOXING = YES;
				GCC_C_LANGUAGE_STANDARD = gnu17;
				GCC_DYNAMIC_NO_PIC = NO;
				GCC_NO_COMMON_BLOCKS = YES;
				GCC_OPTIMIZATION_LEVEL = 0;
				GCC_PREPROCESSOR_DEFINITIONS = (
					"DEBUG=1",
					"$(inherited)",
				);
				GCC_WARN_64_TO_32_BIT_CONVERSION = YES;
				GCC_WARN_ABOUT_RETURN_TYPE = YES_ERROR;
				GCC_WARN_UNDECLARED_SELECTOR = YES;
				GCC_WARN_UNINITIALIZED_AUTOS = YES_AGGRESSIVE;
				GCC_WARN_UNUSED_FUNCTION = YES;
				GCC_WARN_UNUSED_VARIABLE = YES;
				LOCALIZATION_PREFERS_STRING_CATALOGS = YES;
				MACOSX_DEPLOYMENT_TARGET = 14.5;
				MTL_ENABLE_DEBUG_INFO = INCLUDE_SOURCE;
				MTL_FAST_MATH = YES;
				ONLY_ACTIVE_ARCH = YES;
				SDKROOT = macosx;
				SWIFT_ACTIVE_COMPILATION_CONDITIONS = "DEBUG $(inherited)";
				SWIFT_OPTIMIZATION_LEVEL = "-Onone";
			};
			name = Debug;
		};
		84433C502C2C0390000FC8A0 /* Release */ = {
			isa = XCBuildConfiguration;
			buildSettings = {
				ALWAYS_SEARCH_USER_PATHS = NO;
				ASSETCATALOG_COMPILER_GENERATE_SWIFT_ASSET_SYMBOL_EXTENSIONS = YES;
				CLANG_ANALYZER_NONNULL = YES;
				CLANG_ANALYZER_NUMBER_OBJECT_CONVERSION = YES_AGGRESSIVE;
				CLANG_CXX_LANGUAGE_STANDARD = "gnu++20";
				CLANG_ENABLE_MODULES = YES;
				CLANG_ENABLE_OBJC_ARC = YES;
				CLANG_ENABLE_OBJC_WEAK = YES;
				CLANG_WARN_BLOCK_CAPTURE_AUTORELEASING = YES;
				CLANG_WARN_BOOL_CONVERSION = YES;
				CLANG_WARN_COMMA = YES;
				CLANG_WARN_CONSTANT_CONVERSION = YES;
				CLANG_WARN_DEPRECATED_OBJC_IMPLEMENTATIONS = YES;
				CLANG_WARN_DIRECT_OBJC_ISA_USAGE = YES_ERROR;
				CLANG_WARN_DOCUMENTATION_COMMENTS = YES;
				CLANG_WARN_EMPTY_BODY = YES;
				CLANG_WARN_ENUM_CONVERSION = YES;
				CLANG_WARN_INFINITE_RECURSION = YES;
				CLANG_WARN_INT_CONVERSION = YES;
				CLANG_WARN_NON_LITERAL_NULL_CONVERSION = YES;
				CLANG_WARN_OBJC_IMPLICIT_RETAIN_SELF = YES;
				CLANG_WARN_OBJC_LITERAL_CONVERSION = YES;
				CLANG_WARN_OBJC_ROOT_CLASS = YES_ERROR;
				CLANG_WARN_QUOTED_INCLUDE_IN_FRAMEWORK_HEADER = YES;
				CLANG_WARN_RANGE_LOOP_ANALYSIS = YES;
				CLANG_WARN_STRICT_PROTOTYPES = YES;
				CLANG_WARN_SUSPICIOUS_MOVE = YES;
				CLANG_WARN_UNGUARDED_AVAILABILITY = YES_AGGRESSIVE;
				CLANG_WARN_UNREACHABLE_CODE = YES;
				CLANG_WARN__DUPLICATE_METHOD_MATCH = YES;
				COPY_PHASE_STRIP = NO;
				DEBUG_INFORMATION_FORMAT = "dwarf-with-dsym";
				ENABLE_NS_ASSERTIONS = NO;
				ENABLE_STRICT_OBJC_MSGSEND = YES;
				ENABLE_USER_SCRIPT_SANDBOXING = YES;
				GCC_C_LANGUAGE_STANDARD = gnu17;
				GCC_NO_COMMON_BLOCKS = YES;
				GCC_WARN_64_TO_32_BIT_CONVERSION = YES;
				GCC_WARN_ABOUT_RETURN_TYPE = YES_ERROR;
				GCC_WARN_UNDECLARED_SELECTOR = YES;
				GCC_WARN_UNINITIALIZED_AUTOS = YES_AGGRESSIVE;
				GCC_WARN_UNUSED_FUNCTION = YES;
				GCC_WARN_UNUSED_VARIABLE = YES;
				LOCALIZATION_PREFERS_STRING_CATALOGS = YES;
				MACOSX_DEPLOYMENT_TARGET = 14.5;
				MTL_ENABLE_DEBUG_INFO = NO;
				MTL_FAST_MATH = YES;
				SDKROOT = macosx;
				SWIFT_COMPILATION_MODE = wholemodule;
			};
			name = Release;
		};
		84433C522C2C0390000FC8A0 /* Debug */ = {
			isa = XCBuildConfiguration;
			buildSettings = {
				ASSETCATALOG_COMPILER_APPICON_NAME = AppIcon;
				ASSETCATALOG_COMPILER_GLOBAL_ACCENT_COLOR_NAME = AccentColor;
				CODE_SIGN_ENTITLEMENTS = TrayLauncher/TrayLauncher.entitlements;
				CODE_SIGN_STYLE = Automatic;
				COMBINE_HIDPI_IMAGES = YES;
				CURRENT_PROJECT_VERSION = 1;
				DEVELOPMENT_ASSET_PATHS = "\"TrayLauncher/Preview Content\"";
				ENABLE_PREVIEWS = YES;
				GENERATE_INFOPLIST_FILE = YES;
				INFOPLIST_KEY_NSHumanReadableCopyright = "";
				LD_RUNPATH_SEARCH_PATHS = (
					"$(inherited)",
					"@executable_path/../Frameworks",
				);
				MARKETING_VERSION = 1.0;
				PRODUCT_BUNDLE_IDENTIFIER = com.github.boybeak.TrayLauncher;
				PRODUCT_NAME = "$(TARGET_NAME)";
				SWIFT_EMIT_LOC_STRINGS = YES;
				SWIFT_VERSION = 5.0;
			};
			name = Debug;
		};
		84433C532C2C0390000FC8A0 /* Release */ = {
			isa = XCBuildConfiguration;
			buildSettings = {
				ASSETCATALOG_COMPILER_APPICON_NAME = AppIcon;
				ASSETCATALOG_COMPILER_GLOBAL_ACCENT_COLOR_NAME = AccentColor;
				CODE_SIGN_ENTITLEMENTS = TrayLauncher/TrayLauncher.entitlements;
				CODE_SIGN_STYLE = Automatic;
				COMBINE_HIDPI_IMAGES = YES;
				CURRENT_PROJECT_VERSION = 1;
				DEVELOPMENT_ASSET_PATHS = "\"TrayLauncher/Preview Content\"";
				ENABLE_PREVIEWS = YES;
				GENERATE_INFOPLIST_FILE = YES;
				INFOPLIST_KEY_NSHumanReadableCopyright = "";
				LD_RUNPATH_SEARCH_PATHS = (
					"$(inherited)",
					"@executable_path/../Frameworks",
				);
				MARKETING_VERSION = 1.0;
				PRODUCT_BUNDLE_IDENTIFIER = com.github.boybeak.TrayLauncher;
				PRODUCT_NAME = "$(TARGET_NAME)";
				SWIFT_EMIT_LOC_STRINGS = YES;
				SWIFT_VERSION = 5.0;
			};
			name = Release;
		};
/* End XCBuildConfiguration section */

/* Begin XCConfigurationList section */
		84433C3D2C2C038F000FC8A0 /* Build configuration list for PBXProject "TrayLauncher" */ = {
			isa = XCConfigurationList;
			buildConfigurations = (
				84433C4F2C2C0390000FC8A0 /* Debug */,
				84433C502C2C0390000FC8A0 /* Release */,
			);
			defaultConfigurationIsVisible = 0;
			defaultConfigurationName = Release;
		};
		84433C512C2C0390000FC8A0 /* Build configuration list for PBXNativeTarget "TrayLauncher" */ = {
			isa = XCConfigurationList;
			buildConfigurations = (
				84433C522C2C0390000FC8A0 /* Debug */,
				84433C532C2C0390000FC8A0 /* Release */,
			);
			defaultConfigurationIsVisible = 0;
			defaultConfigurationName = Release;
		};
/* End XCConfigurationList section */

/* Begin XCLocalSwiftPackageReference section */
		84433C542C2C03ED000FC8A0 /* XCLocalSwiftPackageReference "../../Github/Tray" */ = {
			isa = XCLocalSwiftPackageReference;
			relativePath = ../../Github/Tray;
		};
/* End XCLocalSwiftPackageReference section */

/* Begin XCRemoteSwiftPackageReference section */
		84433C5C2C2C4396000FC8A0 /* XCRemoteSwiftPackageReference "ACarousel" */ = {
			isa = XCRemoteSwiftPackageReference;
			repositoryURL = "https://github.com/JWAutumn/ACarousel";
			requirement = {
				kind = upToNextMajorVersion;
				minimumVersion = 0.2.0;
			};
		};
/* End XCRemoteSwiftPackageReference section */

/* Begin XCSwiftPackageProductDependency section */
		84433C552C2C03ED000FC8A0 /* Tray */ = {
			isa = XCSwiftPackageProductDependency;
			productName = Tray;
		};
		84433C5D2C2C4396000FC8A0 /* ACarousel */ = {
			isa = XCSwiftPackageProductDependency;
			package = 84433C5C2C2C4396000FC8A0 /* XCRemoteSwiftPackageReference "ACarousel" */;
			productName = ACarousel;
		};
/* End XCSwiftPackageProductDependency section */
	};
	rootObject = 84433C3A2C2C038F000FC8A0 /* Project object */;
}
